
Microsoft Visual Studio Solution File, Format Version 12.00
# Visual Studio Version 17
VisualStudioVersion = 17.0.32014.148
MinimumVisualStudioVersion = 10.0.40219.1
Project("{FAE04EC0-301F-11D3-BF4B-00C04F79EFBC}") = "PokeApp.Android", "PokeApp\PokeApp.Android\PokeApp.Android.csproj", "{604F69D3-5FA0-4431-BEA3-8340198C120E}"
EndProject
Project("{FAE04EC0-301F-11D3-BF4B-00C04F79EFBC}") = "PokeApp.iOS", "PokeApp\PokeApp.iOS\PokeApp.iOS.csproj", "{0DAC3070-9092-435E-8021-5BCF0453EE06}"
EndProject
Project("{FAE04EC0-301F-11D3-BF4B-00C04F79EFBC}") = "PokeApp", "PokeApp\PokeApp\PokeApp.csproj", "{BB29530D-F195-4B54-87A4-EE9386E5FB06}"
EndProject
Global
	GlobalSection(SolutionConfigurationPlatforms) = preSolution
		Debug|Any CPU = Debug|Any CPU
		Debug|iPhone = Debug|iPhone
		Debug|iPhoneSimulator = Debug|iPhoneSimulator
		Release|Any CPU = Release|Any CPU
		Release|iPhone = Release|iPhone
		Release|iPhoneSimulator = Release|iPhoneSimulator
	EndGlobalSection
	GlobalSection(ProjectConfigurationPlatforms) = postSolution
		{604F69D3-5FA0-4431-BEA3-8340198C120E}.Debug|Any CPU.ActiveCfg = Debug|Any CPU
		{604F69D3-5FA0-4431-BEA3-8340198C120E}.Debug|Any CPU.Build.0 = Debug|Any CPU
		{604F69D3-5FA0-4431-BEA3-8340198C120E}.Debug|Any CPU.Deploy.0 = Debug|Any CPU
		{604F69D3-5FA0-4431-BEA3-8340198C120E}.Debug|iPhone.ActiveCfg = Debug|Any CPU
		{604F69D3-5FA0-4431-BEA3-8340198C120E}.Debug|iPhone.Build.0 = Debug|Any CPU
		{604F69D3-5FA0-4431-BEA3-8340198C120E}.Debug|iPhone.Deploy.0 = Debug|Any CPU
		{604F69D3-5FA0-4431-BEA3-8340198C120E}.Debug|iPhoneSimulator.ActiveCfg = Debug|Any CPU
		{604F69D3-5FA0-4431-BEA3-8340198C120E}.Debug|iPhoneSimulator.Build.0 = Debug|Any CPU
		{604F69D3-5FA0-4431-BEA3-8340198C120E}.Debug|iPhoneSimulator.Deploy.0 = Debug|Any CPU
		{604F69D3-5FA0-4431-BEA3-8340198C120E}.Release|Any CPU.ActiveCfg = Release|Any CPU
		{604F69D3-5FA0-4431-BEA3-8340198C120E}.Release|Any CPU.Build.0 = Release|Any CPU
		{604F69D3-5FA0-4431-BEA3-8340198C120E}.Release|Any CPU.Deploy.0 = Release|Any CPU
		{604F69D3-5FA0-4431-BEA3-8340198C120E}.Release|iPhone.ActiveCfg = Release|Any CPU
		{604F69D3-5FA0-4431-BEA3-8340198C120E}.Release|iPhone.Build.0 = Release|Any CPU
		{604F69D3-5FA0-4431-BEA3-8340198C120E}.Release|iPhone.Deploy.0 = Release|Any CPU
		{604F69D3-5FA0-4431-BEA3-8340198C120E}.Release|iPhoneSimulator.ActiveCfg = Release|Any CPU
		{604F69D3-5FA0-4431-BEA3-8340198C120E}.Release|iPhoneSimulator.Build.0 = Release|Any CPU
		{604F69D3-5FA0-4431-BEA3-8340198C120E}.Release|iPhoneSimulator.Deploy.0 = Release|Any CPU
		{0DAC3070-9092-435E-8021-5BCF0453EE06}.Debug|Any CPU.ActiveCfg = Debug|iPhone
		{0DAC3070-9092-435E-8021-5BCF0453EE06}.Debug|Any CPU.Build.0 = Debug|iPhone
		{0DAC3070-9092-435E-8021-5BCF0453EE06}.Debug|Any CPU.Deploy.0 = Debug|iPhone
		{0DAC3070-9092-435E-8021-5BCF0453EE06}.Debug|iPhone.ActiveCfg = Debug|iPhone
		{0DAC3070-9092-435E-8021-5BCF0453EE06}.Debug|iPhone.Build.0 = Debug|iPhone
		{0DAC3070-9092-435E-8021-5BCF0453EE06}.Debug|iPhone.Deploy.0 = Debug|iPhone
		{0DAC3070-9092-435E-8021-5BCF0453EE06}.Debug|iPhoneSimulator.ActiveCfg = Debug|iPhoneSimulator
		{0DAC3070-9092-435E-8021-5BCF0453EE06}.Debug|iPhoneSimulator.Build.0 = Debug|iPhoneSimulator
		{0DAC3070-9092-435E-8021-5BCF0453EE06}.Debug|iPhoneSimulator.Deploy.0 = Debug|iPhoneSimulator
		{0DAC3070-9092-435E-8021-5BCF0453EE06}.Release|Any CPU.ActiveCfg = Release|iPhoneSimulator
		{0DAC3070-9092-435E-8021-5BCF0453EE06}.Release|Any CPU.Build.0 = Release|iPhoneSimulator
		{0DAC3070-9092-435E-8021-5BCF0453EE06}.Release|Any CPU.Deploy.0 = Release|iPhoneSimulator
		{0DAC3070-9092-435E-8021-5BCF0453EE06}.Release|iPhone.ActiveCfg = Release|iPhone
		{0DAC3070-9092-435E-8021-5BCF0453EE06}.Release|iPhone.Build.0 = Release|iPhone
		{0DAC3070-9092-435E-8021-5BCF0453EE06}.Release|iPhone.Deploy.0 = Release|iPhone
		{0DAC3070-9092-435E-8021-5BCF0453EE06}.Release|iPhoneSimulator.ActiveCfg = Release|iPhoneSimulator
		{0DAC3070-9092-435E-8021-5BCF0453EE06}.Release|iPhoneSimulator.Build.0 = Release|iPhoneSimulator
		{0DAC3070-9092-435E-8021-5BCF0453EE06}.Release|iPhoneSimulator.Deploy.0 = Release|iPhoneSimulator
		{BB29530D-F195-4B54-87A4-EE9386E5FB06}.Debug|Any CPU.ActiveCfg = Debug|Any CPU
		{BB29530D-F195-4B54-87A4-EE9386E5FB06}.Debug|Any CPU.Build.0 = Debug|Any CPU
		{BB29530D-F195-4B54-87A4-EE9386E5FB06}.Debug|Any CPU.Deploy.0 = Debug|Any CPU
		{BB29530D-F195-4B54-87A4-EE9386E5FB06}.Debug|iPhone.ActiveCfg = Debug|Any CPU
		{BB29530D-F195-4B54-87A4-EE9386E5FB06}.Debug|iPhone.Build.0 = Debug|Any CPU
		{BB29530D-F195-4B54-87A4-EE9386E5FB06}.Debug|iPhone.Deploy.0 = Debug|Any CPU
		{BB29530D-F195-4B54-87A4-EE9386E5FB06}.Debug|iPhoneSimulator.ActiveCfg = Debug|Any CPU
		{BB29530D-F195-4B54-87A4-EE9386E5FB06}.Debug|iPhoneSimulator.Build.0 = Debug|Any CPU
		{BB29530D-F195-4B54-87A4-EE9386E5FB06}.Debug|iPhoneSimulator.Deploy.0 = Debug|Any CPU
		{BB29530D-F195-4B54-87A4-EE9386E5FB06}.Release|Any CPU.ActiveCfg = Release|Any CPU
		{BB29530D-F195-4B54-87A4-EE9386E5FB06}.Release|Any CPU.Build.0 = Release|Any CPU
		{BB29530D-F195-4B54-87A4-EE9386E5FB06}.Release|Any CPU.Deploy.0 = Release|Any CPU
		{BB29530D-F195-4B54-87A4-EE9386E5FB06}.Release|iPhone.ActiveCfg = Release|Any CPU
		{BB29530D-F195-4B54-87A4-EE9386E5FB06}.Release|iPhone.Build.0 = Release|Any CPU
		{BB29530D-F195-4B54-87A4-EE9386E5FB06}.Release|iPhone.Deploy.0 = Release|Any CPU
		{BB29530D-F195-4B54-87A4-EE9386E5FB06}.Release|iPhoneSimulator.ActiveCfg = Release|Any CPU
		{BB29530D-F195-4B54-87A4-EE9386E5FB06}.Release|iPhoneSimulator.Build.0 = Release|Any CPU
		{BB29530D-F195-4B54-87A4-EE9386E5FB06}.Release|iPhoneSimulator.Deploy.0 = Release|Any CPU
	EndGlobalSection
	GlobalSection(SolutionProperties) = preSolution
		HideSolutionNode = FALSE
	EndGlobalSection
	GlobalSection(ExtensibilityGlobals) = postSolution
		SolutionGuid = {4070344D-A213-4C01-BE96-E3498BFFD125}
	EndGlobalSection
EndGlobal
